{
  "lockfileVersion": 1,
  "configVersion": 1,
  "workspaces": {
    "": {
      "name": "@aresrpg/rpc-api",
      "dependencies": {
        "@sentry/node": "^10.67.0",
      },
    },
  },
  "packages": {
    "@apm-js-collab/code-transformer": ["@apm-js-collab/code-transformer@0.18.0", "", { "dependencies": { "@types/estree": "^1.0.8", "astring": "^1.9.0", "esquery": "^1.7.0", "meriyah": "^6.1.4", "semifies": "^1.0.0", "source-map": "^0.6.0" }, "bin": { "code-transformer": "cli.js" } }, "sha512-aN3Oq8r1J3gPJtCwErP664gM0+HhM1I1lujPr9TMTCcEl/joQQbpGpeMdts9B1+W2wHMsvioDMv5F4PvMWE6gw=="],

    "@apm-js-collab/code-transformer-bundler-plugins": ["@apm-js-collab/code-transformer-bundler-plugins@0.7.1", "", { "dependencies": { "@apm-js-collab/code-transformer": "^0.18.0", "es-module-lexer": "^2.1.0", "magic-string": "^0.30.21", "module-details-from-path": "^1.0.4" } }, "sha512-Yidf5GOl60db80UxUtNdKK3pnY7obU/gs0xOfA0SCdnvVLMCvfYIer/egC3TqpPiT0Jg22eg3RlzcO+zKfPMcA=="],

    "@apm-js-collab/tracing-hooks": ["@apm-js-collab/tracing-hooks@0.13.0", "", { "dependencies": { "@apm-js-collab/code-transformer": "^0.18.0", "debug": "^4.4.1", "module-details-from-path": "^1.0.4" } }, "sha512-mTvWz9rnQwx1U3h0XPTHaX7bgfkpipLLTQyjlC2cdhQpQEuoLT0AGzoydeoq2NxfEVv6fWOOETcSbb2nptleyw=="],

    "@jridgewell/sourcemap-codec": ["@jridgewell/sourcemap-codec@1.5.5", "", {}, "sha512-cYQ9310grqxueWbl+WuIUIaiUaDcj7WOq5fVhEljNVgRfOUhY9fy2zTvfoqWsnebh8Sl70VScFbICvJnLKB0Og=="],

    "@opentelemetry/api": ["@opentelemetry/api@1.9.1", "", {}, "sha512-gLyJlPHPZYdAk1JENA9LeHejZe1Ti77/pTeFm/nMXmQH/HFZlcS/O2XJB+L8fkbrNSqhdtlvjBVjxwUYanNH5Q=="],

    "@opentelemetry/api-logs": ["@opentelemetry/api-logs@0.220.0", "", { "dependencies": { "@opentelemetry/api": "^1.3.0" } }, "sha512-CmVa4ImJ+ynfrPMNaAXHET6Bhb44SwzmfyVJFq9ni2jgXJR/l7C6gfVFddNmHP+ZOkP9cf4f9DBe68qVLTHc9w=="],

    "@opentelemetry/core": ["@opentelemetry/core@2.9.0", "", { "dependencies": { "@opentelemetry/semantic-conventions": "^1.29.0" }, "peerDependencies": { "@opentelemetry/api": ">=1.0.0 <1.10.0" } }, "sha512-m2nckMT80NnmjTYSPjJQObBJ+8dgkoajEOUbznL8AHZ3T3yHRk2P7gI1PhEBc1+lOnrYE9UWrWHqJDsmqjmNbw=="],

    "@opentelemetry/instrumentation": ["@opentelemetry/instrumentation@0.220.0", "", { "dependencies": { "@opentelemetry/api-logs": "0.220.0", "import-in-the-middle": "^3.0.0", "require-in-the-middle": "^8.0.0" }, "peerDependencies": { "@opentelemetry/api": "^1.3.0" } }, "sha512-xQx3E2WxP1mDvKzxLxX+CTCtNLa560YJZ3087qYHerl2YmiKpv7AH+dAy7vmx+eVrZ5BwhfWUAVoKOoxCNHcpw=="],

    "@opentelemetry/resources": ["@opentelemetry/resources@2.9.0", "", { "dependencies": { "@opentelemetry/core": "2.9.0", "@opentelemetry/semantic-conventions": "^1.29.0" }, "peerDependencies": { "@opentelemetry/api": ">=1.3.0 <1.10.0" } }, "sha512-jyA5MBLQ+Dkl3+JsZkUoUvL7yHvU64kLsvpXKarWm6347Sl1t1bXFTFykUePNpT5WH5pm9a2Qtt03iIYQhZ1Fg=="],

    "@opentelemetry/sdk-trace": ["@opentelemetry/sdk-trace@2.9.0", "", { "dependencies": { "@opentelemetry/core": "2.9.0", "@opentelemetry/resources": "2.9.0", "@opentelemetry/semantic-conventions": "^1.29.0" }, "peerDependencies": { "@opentelemetry/api": ">=1.3.0 <1.10.0" } }, "sha512-sGA19HvtrrSKYsseHphluH6j3p6Xa3fqc7c7y8f/7mYWejc1lyDFcpSdD1kYa50HCLUeEo4zA5bW0pniaPszuw=="],

    "@opentelemetry/sdk-trace-base": ["@opentelemetry/sdk-trace-base@2.9.0", "", { "dependencies": { "@opentelemetry/core": "2.9.0", "@opentelemetry/resources": "2.9.0", "@opentelemetry/sdk-trace": "2.9.0", "@opentelemetry/semantic-conventions": "^1.29.0" }, "peerDependencies": { "@opentelemetry/api": ">=1.3.0 <1.10.0" } }, "sha512-cp9zmTl62R8PJrpvFcmc8N2JQU/xfa0S+61q511Nji+QxCfZ8Ifvg7H27G8cANe4crg4RTrWsVvanHiXjSp6ag=="],

    "@opentelemetry/semantic-conventions": ["@opentelemetry/semantic-conventions@1.43.0", "", {}, "sha512-eSYWTm620tTk45EKSedaUL8MFYI8hW164hIXsgIHyxu3VobUB3fFCu5t0hQby6OoWRPsG1KkKUG2M5UadiLiVg=="],

    "@sentry/conventions": ["@sentry/conventions@0.16.0", "", {}, "sha512-fO9PLmHdVURcSPUpWCItWAtgKiMwGdJHbovoSEyLplX5sxs2ugvI4CBPTrkkgqhObnZOD0CnWBKDzSVQYBKEyQ=="],

    "@sentry/core": ["@sentry/core@10.67.0", "", { "dependencies": { "@sentry/conventions": "^0.16.0" } }, "sha512-b6U3pJ8AUvN9aouq0vl+VZI8KT8RslBsfGMFuNwRr313zOmdmFJBZqTiUw9VGgJ2jGKxLO9alm9rlxBfX4hf+w=="],

    "@sentry/node": ["@sentry/node@10.67.0", "", { "dependencies": { "@opentelemetry/api": "^1.9.1", "@opentelemetry/instrumentation": "^0.220.0", "@opentelemetry/sdk-trace-base": "^2.9.0", "@sentry/conventions": "^0.16.0", "@sentry/core": "10.67.0", "@sentry/node-core": "10.67.0", "@sentry/opentelemetry": "10.67.0", "@sentry/server-utils": "10.67.0", "import-in-the-middle": "^3.0.0" } }, "sha512-SFKpZGqOCEFSmP93NdDP6ikZp4NS7A/JR8+2ofK3jF6Y9Vyox7pX0pxdOnPLpFcPtMybMahfWqSAWJvsFs4RmA=="],

    "@sentry/node-core": ["@sentry/node-core@10.67.0", "", { "dependencies": { "@sentry/conventions": "^0.16.0", "@sentry/core": "10.67.0", "@sentry/opentelemetry": "10.67.0", "import-in-the-middle": "^3.0.0" }, "peerDependencies": { "@opentelemetry/api": "^1.9.0", "@opentelemetry/core": "^1.30.1 || ^2.1.0", "@opentelemetry/exporter-trace-otlp-http": ">=0.57.0 <1", "@opentelemetry/instrumentation": ">=0.57.1 <1", "@opentelemetry/sdk-trace-base": "^1.30.1 || ^2.1.0" }, "optionalPeers": ["@opentelemetry/api", "@opentelemetry/core", "@opentelemetry/exporter-trace-otlp-http", "@opentelemetry/instrumentation", "@opentelemetry/sdk-trace-base"] }, "sha512-dBHHRwZyan1pOnFJ+sNBvR8TkXbZAfZU/jpxmALS3JZ2/8AGR7cQKL+b7SleKuJ7iUDZyklN3Nqi0i5JkcA+HA=="],

    "@sentry/opentelemetry": ["@sentry/opentelemetry@10.67.0", "", { "dependencies": { "@sentry/conventions": "^0.16.0", "@sentry/core": "10.67.0" }, "peerDependencies": { "@opentelemetry/api": "^1.9.0", "@opentelemetry/core": "^1.30.1 || ^2.1.0", "@opentelemetry/sdk-trace-base": "^1.30.1 || ^2.1.0" } }, "sha512-oLTOrAK1rOqmYRktOJZwz37B1seXPx1W2FTMVtzTVNjMFA/LZwGzePeZzhUOgzZgfLHixMd/ceWtGqoxAndcjQ=="],

    "@sentry/server-utils": ["@sentry/server-utils@10.67.0", "", { "dependencies": { "@apm-js-collab/code-transformer-bundler-plugins": "^0.7.1", "@apm-js-collab/tracing-hooks": "^0.13.0", "@sentry/conventions": "^0.16.0", "@sentry/core": "10.67.0" } }, "sha512-GQ9t+RSTx5s3b/aZrLFuL4nrwPLMah5NiZk5cjxJmgmOSgm3nMdO8gdqCedDch5B13F3YsxtaQYjSJnzLz8M5A=="],

    "@types/estree": ["@types/estree@1.0.9", "", {}, "sha512-GhdPgy1el4/ImP05X05Uw4cw2/M93BCUmnEvWZNStlCzEKME4Fkk+YpoA5OiHNQmoS7Cafb8Xa3Pya8m1Qrzeg=="],

    "astring": ["astring@1.9.0", "", { "bin": { "astring": "bin/astring" } }, "sha512-LElXdjswlqjWrPpJFg1Fx4wpkOCxj1TDHlSV4PlaRxHGWko024xICaa97ZkMfs6DRKlCguiAI+rbXv5GWwXIkg=="],

    "cjs-module-lexer": ["cjs-module-lexer@2.2.0", "", {}, "sha512-4bHTS2YuzUvtoLjdy+98ykbNB5jS0+07EvFNXerqZQJ89F7DI6ET7OQo/HJuW6K0aVsKA9hj9/RVb2kQVOrPDQ=="],

    "debug": ["debug@4.4.3", "", { "dependencies": { "ms": "^2.1.3" } }, "sha512-RGwwWnwQvkVfavKVt22FGLw+xYSdzARwm0ru6DhTVA3umU5hZc28V3kO4stgYryrTlLpuvgI9GiijltAjNbcqA=="],

    "es-module-lexer": ["es-module-lexer@2.3.1", "", {}, "sha512-shc1dbU90Yl/xq1QrC7QRtfcwURZuVRfPhZbDoldJ1cn1gzDvBaBWlv0eFolj5+0znnPJz5TXLxsN77X/12KTA=="],

    "esquery": ["esquery@1.7.0", "", { "dependencies": { "estraverse": "^5.1.0" } }, "sha512-Ap6G0WQwcU/LHsvLwON1fAQX9Zp0A2Y6Y/cJBl9r/JbW90Zyg4/zbG6zzKa2OTALELarYHmKu0GhpM5EO+7T0g=="],

    "estraverse": ["estraverse@5.3.0", "", {}, "sha512-MMdARuVEQziNTeJD8DgMqmhwR11BRQ/cBP+pLtYdSTnf3MIO8fFeiINEbX36ZdNlfU/7A9f3gUw49B3oQsvwBA=="],

    "import-in-the-middle": ["import-in-the-middle@3.3.2", "", { "dependencies": { "cjs-module-lexer": "^2.2.0", "es-module-lexer": "^2.2.0", "module-details-from-path": "^1.0.4" } }, "sha512-jTd2FfOgOWOdgjkHuk/1Ms8VKFXkPs15ymYBETw1sAOrO/dY3XeGVRWir9qBbw7pXr0T2eTFwfCZ+N02HmiNGA=="],

    "magic-string": ["magic-string@0.30.21", "", { "dependencies": { "@jridgewell/sourcemap-codec": "^1.5.5" } }, "sha512-vd2F4YUyEXKGcLHoq+TEyCjxueSeHnFxyyjNp80yg0XV4vUhnDer/lvvlqM/arB5bXQN5K2/3oinyCRyx8T2CQ=="],

    "meriyah": ["meriyah@6.1.4", "", {}, "sha512-Sz8FzjzI0kN13GK/6MVEsVzMZEPvOhnmmI1lU5+/1cGOiK3QUahntrNNtdVeihrO7t9JpoH75iMNXg6R6uWflQ=="],

    "module-details-from-path": ["module-details-from-path@1.0.4", "", {}, "sha512-EGWKgxALGMgzvxYF1UyGTy0HXX/2vHLkw6+NvDKW2jypWbHpjQuj4UMcqQWXHERJhVGKikolT06G3bcKe4fi7w=="],

    "ms": ["ms@2.1.3", "", {}, "sha512-6FlzubTLZG3J2a/NVCAleEhjzq5oxgHyaCU9yYXvcLsvoVaHJq/s5xXI6/XXP6tz7R9xAOtHnSO/tXtF3WRTlA=="],

    "require-in-the-middle": ["require-in-the-middle@8.0.1", "", { "dependencies": { "debug": "^4.3.5", "module-details-from-path": "^1.0.3" } }, "sha512-QT7FVMXfWOYFbeRBF6nu+I6tr2Tf3u0q8RIEjNob/heKY/nh7drD/k7eeMFmSQgnTtCzLDcCu/XEnpW2wk4xCQ=="],

    "semifies": ["semifies@1.0.0", "", {}, "sha512-xXR3KGeoxTNWPD4aBvL5NUpMTT7WMANr3EWnaS190QVkY52lqqcVRD7Q05UVbBhiWDGWMlJEUam9m7uFFGVScw=="],

    "source-map": ["source-map@0.6.1", "", {}, "sha512-UjgapumWlbMhkBgzT7Ykc5YXUT46F0iKu8SGXq0bcwP5dz/h0Plj6enJqjz1Zbq2l5WaqYnrVbwWOWMyF3F47g=="],
  }
}
