# Generated by move; do not edit
# This file should be checked in.

[move]
version = 4

[pinned.mainnet.Kiosk]
source = { git = "https://github.com/MystenLabs/apps.git", subdir = "kiosk", rev = "a1cd20107340bf8f6e6913ed20b9fafe92fe3d03" }
use_environment = "mainnet"
manifest_digest = "EC6E90369603CE16A65E2F7B784DCFCA80948E3C176AD82DC6EB101BAA942A89"
deps = { Sui = "Sui" }

[pinned.mainnet.MoveStdlib]
source = { git = "https://github.com/MystenLabs/sui.git", subdir = "crates/sui-framework/packages/move-stdlib", rev = "6effb4523834cf2536be21d8ebe577b0cc9e0160" }
use_environment = "mainnet"
manifest_digest = "C4FE4C91DE74CBF223B2E380AE40F592177D21870DC2D7EB6227D2D694E05363"
deps = {}

[pinned.mainnet.Sui]
source = { git = "https://github.com/MystenLabs/sui.git", subdir = "crates/sui-framework/packages/sui-framework", rev = "6effb4523834cf2536be21d8ebe577b0cc9e0160" }
use_environment = "mainnet"
manifest_digest = "CD547CB1ACCE0880C835DAED2D8FFCB91D56C833AE5240D3AA5B918398263195"
deps = { MoveStdlib = "MoveStdlib" }

[pinned.mainnet.aresrpg]
source = { root = true }
use_environment = "mainnet"
manifest_digest = "8556D442D494BFA3144B638FB555FE285C9A24617E7B54415652918B78EA779A"
deps = { Kiosk = "Kiosk", MoveStdlib = "MoveStdlib", Sui = "Sui", aresrpg_fight = "aresrpg_fight", aresrpg_foundation = "aresrpg_foundation", aresrpg_social = "aresrpg_social", aresrpg_spells = "aresrpg_spells" }

[pinned.mainnet.aresrpg_fight]
source = { local = "../engine" }
use_environment = "mainnet"
manifest_digest = "5C5EAEB3DB6785E1507529EF32E855F406BD549DC5FDB4E425350681E4372E0A"
deps = { MoveStdlib = "MoveStdlib", Sui = "Sui", aresrpg_foundation = "aresrpg_foundation", aresrpg_spells = "aresrpg_spells" }

[pinned.mainnet.aresrpg_foundation]
source = { local = "../foundation" }
use_environment = "mainnet"
manifest_digest = "3193815C32B3DBB23E7F9F498A944831612B0FE5110D51C85667E49250FFBE12"
deps = { MoveStdlib = "MoveStdlib", Sui = "Sui" }

[pinned.mainnet.aresrpg_social]
source = { local = "../social" }
use_environment = "mainnet"
manifest_digest = "AB7F503F724A059A52FA38B8CE68AA23828279F06860B428E52E9A6EC4E05346"
deps = { Kiosk = "Kiosk", MoveStdlib = "MoveStdlib", Sui = "Sui" }

[pinned.mainnet.aresrpg_spells]
source = { local = "../spells" }
use_environment = "mainnet"
manifest_digest = "FFAB5AADEA4AE791DB59E9A66FC1E63A403EC8476A07205D1872BF34F0077732"
deps = { MoveStdlib = "MoveStdlib", Sui = "Sui", aresrpg_foundation = "aresrpg_foundation" }

[pinned.testnet.Kiosk]
source = { git = "https://github.com/MystenLabs/apps.git", subdir = "kiosk", rev = "a1cd20107340bf8f6e6913ed20b9fafe92fe3d03" }
use_environment = "testnet"
manifest_digest = "CC15E09306E902854F6BDD9B90D21287DB7EC557173965E5355493A2783E25B3"
deps = { Sui = "Sui" }

[pinned.testnet.MoveStdlib]
source = { git = "https://github.com/MystenLabs/sui.git", subdir = "crates/sui-framework/packages/move-stdlib", rev = "6effb4523834cf2536be21d8ebe577b0cc9e0160" }
use_environment = "testnet"
manifest_digest = "C4FE4C91DE74CBF223B2E380AE40F592177D21870DC2D7EB6227D2D694E05363"
deps = {}

[pinned.testnet.Sui]
source = { git = "https://github.com/MystenLabs/sui.git", subdir = "crates/sui-framework/packages/sui-framework", rev = "6effb4523834cf2536be21d8ebe577b0cc9e0160" }
use_environment = "testnet"
manifest_digest = "7AFB66695545775FBFBB2D3078ADFD084244D5002392E837FDE21D9EA1C6D01C"
deps = { MoveStdlib = "MoveStdlib" }

[pinned.testnet.aresrpg]
source = { root = true }
use_environment = "testnet"
manifest_digest = "D5A3C924791B93A55D91B0413FB1121233D2920A4AC71746854930DB242C4E58"
deps = { Kiosk = "Kiosk", MoveStdlib = "MoveStdlib", Sui = "Sui", aresrpg_fight = "aresrpg_fight", aresrpg_foundation = "aresrpg_foundation", aresrpg_social = "aresrpg_social", aresrpg_spells = "aresrpg_spells" }

[pinned.testnet.aresrpg_fight]
source = { local = "../engine" }
use_environment = "testnet"
manifest_digest = "3ED11DC2C2F8D579BFF6D8AED4FBEE095F8071DBF831D6C952DCD80E0AB35C7B"
deps = { MoveStdlib = "MoveStdlib", Sui = "Sui", aresrpg_foundation = "aresrpg_foundation", aresrpg_spells = "aresrpg_spells" }

[pinned.testnet.aresrpg_foundation]
source = { local = "../foundation" }
use_environment = "testnet"
manifest_digest = "4BBA5A450CE7B724138D4023078B6498A80DE1AC0F219FAB46665D8480344F0B"
deps = { MoveStdlib = "MoveStdlib", Sui = "Sui" }

[pinned.testnet.aresrpg_social]
source = { local = "../social" }
use_environment = "testnet"
manifest_digest = "31544A3A30F60FE55E30790615BA66F555681D97E4914B0F0866A313D3714990"
deps = { Kiosk = "Kiosk", MoveStdlib = "MoveStdlib", Sui = "Sui" }

[pinned.testnet.aresrpg_spells]
source = { local = "../spells" }
use_environment = "testnet"
manifest_digest = "1CFFC3D03AFE47E8779FC174DB3102716F010478131E80D24C4CC870E0DF56A3"
deps = { MoveStdlib = "MoveStdlib", Sui = "Sui", aresrpg_foundation = "aresrpg_foundation" }
