# Generated by move; do not edit
# This file should be checked in.

[move]
version = 4

[pinned.testnet.MoveStdlib]
source = { git = "https://github.com/MystenLabs/sui.git", subdir = "crates/sui-framework/packages/move-stdlib", rev = "8fc60f1fa966e90398c93beb67ad4f42992889c7" }
use_environment = "testnet"
manifest_digest = "C4FE4C91DE74CBF223B2E380AE40F592177D21870DC2D7EB6227D2D694E05363"
deps = {}

[pinned.testnet.Sui]
source = { git = "https://github.com/MystenLabs/sui.git", subdir = "crates/sui-framework/packages/sui-framework", rev = "8fc60f1fa966e90398c93beb67ad4f42992889c7" }
use_environment = "testnet"
manifest_digest = "7AFB66695545775FBFBB2D3078ADFD084244D5002392E837FDE21D9EA1C6D01C"
deps = { MoveStdlib = "MoveStdlib" }

[pinned.testnet.aresrpg_foundation]
source = { local = "../foundation" }
use_environment = "testnet"
manifest_digest = "E238A3E307680E010F2822973920C0A62CC23DC91659E63C290979C251B74160"
deps = { MoveStdlib = "MoveStdlib", Sui = "Sui" }

[pinned.testnet.aresrpg_spells]
source = { root = true }
use_environment = "testnet"
manifest_digest = "863065DE8343D281B7C25A405A453EBF53D3031289AC50E3417D488FE9CF8EB7"
deps = { MoveStdlib = "MoveStdlib", Sui = "Sui", aresrpg_foundation = "aresrpg_foundation" }
