# Generated by move; do not edit
# This file should be checked in.

[move]
version = 4

[pinned.mainnet.Kiosk]
source = { git = "https://github.com/MystenLabs/apps.git", subdir = "kiosk", rev = "a1cd20107340bf8f6e6913ed20b9fafe92fe3d03" }
use_environment = "mainnet"
manifest_digest = "EC6E90369603CE16A65E2F7B784DCFCA80948E3C176AD82DC6EB101BAA942A89"
deps = { Sui = "Sui" }

[pinned.mainnet.MoveStdlib]
source = { git = "https://github.com/MystenLabs/sui.git", subdir = "crates/sui-framework/packages/move-stdlib", rev = "623521008f1c3afa3a1adbb6c3c44c39c46c5e17" }
use_environment = "mainnet"
manifest_digest = "C4FE4C91DE74CBF223B2E380AE40F592177D21870DC2D7EB6227D2D694E05363"
deps = {}

[pinned.mainnet.MoveStdlib_1]
source = { git = "https://github.com/MystenLabs/sui.git", subdir = "crates/sui-framework/packages/move-stdlib", rev = "8fc60f1fa966e90398c93beb67ad4f42992889c7" }
use_environment = "mainnet"
manifest_digest = "C4FE4C91DE74CBF223B2E380AE40F592177D21870DC2D7EB6227D2D694E05363"
deps = {}

[pinned.mainnet.Sui]
source = { git = "https://github.com/MystenLabs/sui.git", subdir = "crates/sui-framework/packages/sui-framework", rev = "623521008f1c3afa3a1adbb6c3c44c39c46c5e17" }
use_environment = "mainnet"
manifest_digest = "CD547CB1ACCE0880C835DAED2D8FFCB91D56C833AE5240D3AA5B918398263195"
deps = { MoveStdlib = "MoveStdlib" }

[pinned.mainnet.Sui_1]
source = { git = "https://github.com/MystenLabs/sui.git", subdir = "crates/sui-framework/packages/sui-framework", rev = "8fc60f1fa966e90398c93beb67ad4f42992889c7" }
use_environment = "mainnet"
manifest_digest = "CD547CB1ACCE0880C835DAED2D8FFCB91D56C833AE5240D3AA5B918398263195"
deps = { MoveStdlib = "MoveStdlib_1" }

[pinned.mainnet.aresrpg]
source = { local = "../aresrpg" }
use_environment = "mainnet"
manifest_digest = "D581F027E738125BD1D4E77CCF4E732AFC9D5BD8D047542E4585339143957BA7"
deps = { Kiosk = "Kiosk", MoveStdlib = "MoveStdlib_1", Sui = "Sui_1", aresrpg_fight = "aresrpg_fight", aresrpg_foundation = "aresrpg_foundation", aresrpg_social = "aresrpg_social", aresrpg_spells = "aresrpg_spells" }

[pinned.mainnet.aresrpg_fight]
source = { local = "../engine" }
use_environment = "mainnet"
manifest_digest = "8623113869DBB46B1DE490784C568B8EFACB2D93F8CA3ABC2A624988CA4B37C2"
deps = { MoveStdlib = "MoveStdlib_1", Sui = "Sui_1", aresrpg_foundation = "aresrpg_foundation", aresrpg_spells = "aresrpg_spells" }

[pinned.mainnet.aresrpg_foundation]
source = { local = "../foundation" }
use_environment = "mainnet"
manifest_digest = "99DE70B4E1BCFDA44D280ACAB2A7D2CB0D2A2E0F07270D54493B9540BEB44085"
deps = { MoveStdlib = "MoveStdlib_1", Sui = "Sui_1" }

[pinned.mainnet.aresrpg_kolizeum]
source = { root = true }
use_environment = "mainnet"
manifest_digest = "C3DE1831F181D16E1300AB577ED5B0F34F887037A6E8F98FCB34391820F56AA2"
deps = { Kiosk = "Kiosk", MoveStdlib = "MoveStdlib_1", Sui = "Sui_1", aresrpg = "aresrpg", aresrpg_fight = "aresrpg_fight", aresrpg_social = "aresrpg_social" }

[pinned.mainnet.aresrpg_social]
source = { local = "../social" }
use_environment = "mainnet"
manifest_digest = "99DE70B4E1BCFDA44D280ACAB2A7D2CB0D2A2E0F07270D54493B9540BEB44085"
deps = { MoveStdlib = "MoveStdlib_1", Sui = "Sui_1" }

[pinned.mainnet.aresrpg_spells]
source = { local = "../spells" }
use_environment = "mainnet"
manifest_digest = "1B4E2EE1ED59A7B84785DA4C8FA43351022920DEE1790C2FDD2FFCDDD0151CD8"
deps = { MoveStdlib = "MoveStdlib_1", Sui = "Sui_1", aresrpg_foundation = "aresrpg_foundation" }

[pinned.testnet.Kiosk]
source = { git = "https://github.com/MystenLabs/apps.git", subdir = "kiosk", rev = "a1cd20107340bf8f6e6913ed20b9fafe92fe3d03" }
use_environment = "testnet"
manifest_digest = "CC15E09306E902854F6BDD9B90D21287DB7EC557173965E5355493A2783E25B3"
deps = { Sui = "Sui" }

[pinned.testnet.MoveStdlib]
source = { git = "https://github.com/MystenLabs/sui.git", subdir = "crates/sui-framework/packages/move-stdlib", rev = "027e13b2c14022b58067bd536c7e4f2afff72164" }
use_environment = "testnet"
manifest_digest = "C4FE4C91DE74CBF223B2E380AE40F592177D21870DC2D7EB6227D2D694E05363"
deps = {}

[pinned.testnet.MoveStdlib_1]
source = { git = "https://github.com/MystenLabs/sui.git", subdir = "crates/sui-framework/packages/move-stdlib", rev = "8fc60f1fa966e90398c93beb67ad4f42992889c7" }
use_environment = "testnet"
manifest_digest = "C4FE4C91DE74CBF223B2E380AE40F592177D21870DC2D7EB6227D2D694E05363"
deps = {}

[pinned.testnet.Sui]
source = { git = "https://github.com/MystenLabs/sui.git", subdir = "crates/sui-framework/packages/sui-framework", rev = "027e13b2c14022b58067bd536c7e4f2afff72164" }
use_environment = "testnet"
manifest_digest = "7AFB66695545775FBFBB2D3078ADFD084244D5002392E837FDE21D9EA1C6D01C"
deps = { MoveStdlib = "MoveStdlib" }

[pinned.testnet.Sui_1]
source = { git = "https://github.com/MystenLabs/sui.git", subdir = "crates/sui-framework/packages/sui-framework", rev = "8fc60f1fa966e90398c93beb67ad4f42992889c7" }
use_environment = "testnet"
manifest_digest = "7AFB66695545775FBFBB2D3078ADFD084244D5002392E837FDE21D9EA1C6D01C"
deps = { MoveStdlib = "MoveStdlib_1" }

[pinned.testnet.aresrpg]
source = { local = "../aresrpg" }
use_environment = "testnet"
manifest_digest = "FE927BCF7B44CF6EB99CA7BC974415940BCC8AA4209F72CDB44A99C1889386FE"
deps = { Kiosk = "Kiosk", MoveStdlib = "MoveStdlib_1", Sui = "Sui_1", aresrpg_fight = "aresrpg_fight", aresrpg_foundation = "aresrpg_foundation", aresrpg_social = "aresrpg_social", aresrpg_spells = "aresrpg_spells" }

[pinned.testnet.aresrpg_fight]
source = { local = "../engine" }
use_environment = "testnet"
manifest_digest = "427B4AFD90859198765B11259CA87C9F2938AF60BD1CB8D8414B9287AD6A520D"
deps = { MoveStdlib = "MoveStdlib_1", Sui = "Sui_1", aresrpg_foundation = "aresrpg_foundation", aresrpg_spells = "aresrpg_spells" }

[pinned.testnet.aresrpg_foundation]
source = { local = "../foundation" }
use_environment = "testnet"
manifest_digest = "E238A3E307680E010F2822973920C0A62CC23DC91659E63C290979C251B74160"
deps = { MoveStdlib = "MoveStdlib_1", Sui = "Sui_1" }

[pinned.testnet.aresrpg_kolizeum]
source = { root = true }
use_environment = "testnet"
manifest_digest = "109FD88CAD2CB018F1798AFCEC4C2DA939A9BAE09A2848EE6D0EC26BFA90A744"
deps = { Kiosk = "Kiosk", MoveStdlib = "MoveStdlib_1", Sui = "Sui_1", aresrpg = "aresrpg", aresrpg_fight = "aresrpg_fight", aresrpg_social = "aresrpg_social" }

[pinned.testnet.aresrpg_social]
source = { local = "../social" }
use_environment = "testnet"
manifest_digest = "214F4A80E68F3ECD96BB60FF822DE1804191DA550A083A19A5E7F980E882BAC3"
deps = { Kiosk = "Kiosk", MoveStdlib = "MoveStdlib_1", Sui = "Sui_1" }

[pinned.testnet.aresrpg_spells]
source = { local = "../spells" }
use_environment = "testnet"
manifest_digest = "863065DE8343D281B7C25A405A453EBF53D3031289AC50E3417D488FE9CF8EB7"
deps = { MoveStdlib = "MoveStdlib_1", Sui = "Sui_1", aresrpg_foundation = "aresrpg_foundation" }
