{
  "lockfileVersion": 1,
  "configVersion": 1,
  "workspaces": {
    "": {
      "name": "aresrpg-api",
      "dependencies": {
        "@mysten/sui": "2.20.3",
      },
    },
  },
  "packages": {
    "@0no-co/graphql.web": ["@0no-co/graphql.web@1.3.2", "", { "peerDependencies": { "graphql": "^14.0.0 || ^15.0.0 || ^16.0.0" }, "optionalPeers": ["graphql"] }, "sha512-Q1+pRlLhE31GOY/2c9BAEnFTNxO7Awtc6fhhEDlxyCBQ2N0IhD32cPVvPChrK9mwBNSgRdW/sF1kd2e0ojHj1Q=="],

    "@0no-co/graphqlsp": ["@0no-co/graphqlsp@1.17.3", "", { "dependencies": { "@gql.tada/internal": "^1.2.0", "graphql": "^15.5.0 || ^16.0.0 || ^17.0.0" }, "peerDependencies": { "typescript": "^5.0.0 || ^6.0.0" } }, "sha512-4PPvxDPmbntddpgMyA3VId5/E9YGdRuuS/mW+THOvtTx/C79Pf+lN28LkNNACJrF9L7YACiAJelyOkC6LqUzvw=="],

    "@gql.tada/cli-utils": ["@gql.tada/cli-utils@1.9.2", "", { "dependencies": { "@0no-co/graphqlsp": "^1.17.3", "@gql.tada/internal": "1.2.1", "graphql": "^15.5.0 || ^16.0.0 || ^17.0.0" }, "peerDependencies": { "@gql.tada/svelte-support": "1.0.3", "@gql.tada/vue-support": "1.0.3", "typescript": "^5.0.0 || ^6.0.0 || ^7.0.0 || ^8.0.0" }, "optionalPeers": ["@gql.tada/svelte-support", "@gql.tada/vue-support"] }, "sha512-cVNs4v8ewLRYJfyAsaHbiAmd5Hm+zXEMvMhBksH58ZU87d6f8crsp2CQG6QtIqnJJw1q0CBWfWTZepGWNcL3QA=="],

    "@gql.tada/internal": ["@gql.tada/internal@1.2.1", "", { "dependencies": { "@0no-co/graphql.web": "^1.3.1" }, "peerDependencies": { "graphql": "^15.5.0 || ^16.0.0 || ^17.0.0", "typescript": "^5.0.0 || ^6.0.0 || ^7.0.0 || ^8.0.0" } }, "sha512-1kPMv9KRpD6mfVwtXK+iy43U/gi4bpr4ganfhPLD0TjxpbuVJm7CtZ9wMFdwy3FjLBFN2QhwscNnL7lRPHg4vg=="],

    "@graphql-typed-document-node/core": ["@graphql-typed-document-node/core@3.2.0", "", { "peerDependencies": { "graphql": "^0.8.0 || ^0.9.0 || ^0.10.0 || ^0.11.0 || ^0.12.0 || ^0.13.0 || ^14.0.0 || ^15.0.0 || ^16.0.0 || ^17.0.0" } }, "sha512-mB9oAsNCm9aM3/SOv4YtBMqZbYj10R7dkq8byBqxGY/ncFwhf2oQzMV+LCRlWoDSEBJ3COiR1yeDvMtsoOsuFQ=="],

    "@mysten/bcs": ["@mysten/bcs@2.1.0", "", { "dependencies": { "@mysten/utils": "^0.4.0", "@scure/base": "^2.2.0" } }, "sha512-rIR/cDAqDfBDxmYEZXppN/on8gmh1OW0dYi/Bk2kMBZcYMTaBaEtEX1VR6g7HicVxuMbFAIP0/SQkdH7J9Y5dQ=="],

    "@mysten/sui": ["@mysten/sui@2.20.3", "", { "dependencies": { "@graphql-typed-document-node/core": "^3.2.0", "@mysten/bcs": "^2.1.0", "@mysten/utils": "^0.4.0", "@noble/curves": "^2.2.0", "@noble/hashes": "^2.2.0", "@protobuf-ts/grpcweb-transport": "^2.11.1", "@protobuf-ts/runtime": "^2.11.1", "@protobuf-ts/runtime-rpc": "^2.11.1", "@scure/base": "^2.2.0", "@scure/bip32": "^2.2.0", "@scure/bip39": "^2.2.0", "gql.tada": "^1.10.1", "graphql": "^16.14.2", "poseidon-lite": "0.2.1", "valibot": "^1.4.1" } }, "sha512-ygKZm5iC6WRopmq7y8JhZ5OrkwJNXNOecZUniaXd69w6s8BGP6tKNVr946VBf4h+TyPQlVq45de/ZKc98QkdZg=="],

    "@mysten/utils": ["@mysten/utils@0.4.0", "", { "dependencies": { "@scure/base": "^2.2.0" } }, "sha512-nHlXECBl9kE+AHF/aw5a7JVNizae8Kb71A4H18BV/sXd5/l2BaWNGWVatq05fzJo3hF78AWorDxa++1TgcBKWw=="],

    "@noble/curves": ["@noble/curves@2.2.0", "", { "dependencies": { "@noble/hashes": "2.2.0" } }, "sha512-T/BoHgFXirb0ENSPBquzX0rcjXeM6Lo892a2jlYJkqk83LqZx0l1Of7DzlKJ6jkpvMrkHSnAcgb5JegL8SeIkQ=="],

    "@noble/hashes": ["@noble/hashes@2.2.0", "", {}, "sha512-IYqDGiTXab6FniAgnSdZwgWbomxpy9FtYvLKs7wCUs2a8RkITG+DFGO1DM9cr+E3/RgADRpFjrKVaJ1z6sjtEg=="],

    "@protobuf-ts/grpcweb-transport": ["@protobuf-ts/grpcweb-transport@2.11.1", "", { "dependencies": { "@protobuf-ts/runtime": "^2.11.1", "@protobuf-ts/runtime-rpc": "^2.11.1" } }, "sha512-1W4utDdvOB+RHMFQ0soL4JdnxjXV+ddeGIUg08DvZrA8Ms6k5NN6GBFU2oHZdTOcJVpPrDJ02RJlqtaoCMNBtw=="],

    "@protobuf-ts/runtime": ["@protobuf-ts/runtime@2.11.1", "", {}, "sha512-KuDaT1IfHkugM2pyz+FwiY80ejWrkH1pAtOBOZFuR6SXEFTsnb/jiQWQ1rCIrcKx2BtyxnxW6BWwsVSA/Ie+WQ=="],

    "@protobuf-ts/runtime-rpc": ["@protobuf-ts/runtime-rpc@2.11.1", "", { "dependencies": { "@protobuf-ts/runtime": "^2.11.1" } }, "sha512-4CqqUmNA+/uMz00+d3CYKgElXO9VrEbucjnBFEjqI4GuDrEQ32MaI3q+9qPBvIGOlL4PmHXrzM32vBPWRhQKWQ=="],

    "@scure/base": ["@scure/base@2.2.0", "", {}, "sha512-b8XEupJibegiXV+tDUseI8oLQc8ei3d/4Jkb2RpbHh3MfE054ov3uIz2dhFkB3FI8iwYkEh0gGCApkrYggkPNg=="],

    "@scure/bip32": ["@scure/bip32@2.2.0", "", { "dependencies": { "@noble/curves": "2.2.0", "@noble/hashes": "2.2.0", "@scure/base": "2.2.0" } }, "sha512-zFr7t2F+a9+5tB7QbarF2HQNYrgjCNaoLAupZdKkrFMYMozJf5zqH2WJCQibMzm1qQ0QogrxVGO3qXfQDYMaQg=="],

    "@scure/bip39": ["@scure/bip39@2.2.0", "", { "dependencies": { "@noble/hashes": "2.2.0", "@scure/base": "2.2.0" } }, "sha512-T/Bj/YvYMNkIPq6EENO6/rcs2e7qTNuyoUXf0KBFDmp0ZDu0H2X4Lq6yC3i0c8PcWkov5EbW+yQZZbdMmk154A=="],

    "gql.tada": ["gql.tada@1.11.2", "", { "dependencies": { "@0no-co/graphql.web": "^1.3.2", "@0no-co/graphqlsp": "^1.17.3", "@gql.tada/cli-utils": "1.9.2", "@gql.tada/internal": "1.2.1" }, "peerDependencies": { "typescript": "^5.0.0 || ^6.0.0 || ^7.0.0 || ^8.0.0" }, "bin": { "gql-tada": "./bin/cli.js", "gql.tada": "./bin/cli.js" } }, "sha512-oBr7ShA5/TmcwOO7BZgN1SynX2rBU+/ltysB0zXc+NCBF+9YOg6MRzJcTfLjIqDKdcE3LGxpOl0l9hBbxmyzmA=="],

    "graphql": ["graphql@16.14.2", "", {}, "sha512-Chq1s4CY7jmh8gO2qvLIJyfCDIN+EHLFW/9iShnp1z8FjBQMoodWP1kDC36VAMXXIvAjj4ARa7ntfAV2BrjsbA=="],

    "poseidon-lite": ["poseidon-lite@0.2.1", "", {}, "sha512-xIr+G6HeYfOhCuswdqcFpSX47SPhm0EpisWJ6h7fHlWwaVIvH3dLnejpatrtw6Xc6HaLrpq05y7VRfvDmDGIog=="],

    "typescript": ["typescript@6.0.3", "", { "bin": { "tsc": "bin/tsc", "tsserver": "bin/tsserver" } }, "sha512-y2TvuxSZPDyQakkFRPZHKFm+KKVqIisdg9/CZwm9ftvKXLP8NRWj38/ODjNbr43SsoXqNuAisEf1GdCxqWcdBw=="],

    "valibot": ["valibot@1.4.2", "", { "peerDependencies": { "typescript": ">=5" }, "optionalPeers": ["typescript"] }, "sha512-gjdCvJ6d3RyHAneqxMYMW9QMCwYMb3jpOO0IyHZV1bnRHFBHrX3VkIILt5XYR0WhwHiH7Mty8ovuPZ/O3gamrg=="],
  }
}
